
Microsoft Visual Studio Solution File, Format Version 12.00
# Visual Studio Version 16
VisualStudioVersion = 16.0.30907.101
MinimumVisualStudioVersion = 10.0.40219.1
Project("{FAE04EC0-301F-11D3-BF4B-00C04F79EFBC}") = "Övning2", "Övning2\Övning2.csproj", "{B9F28E1C-A61A-4CBA-A783-A0A8FD275CE7}"
EndProject
Global
	GlobalSection(SolutionConfigurationPlatforms) = preSolution
		Debug|Any CPU = Debug|Any CPU
		Release|Any CPU = Release|Any CPU
	EndGlobalSection
	GlobalSection(ProjectConfigurationPlatforms) = postSolution
		{B9F28E1C-A61A-4CBA-A783-A0A8FD275CE7}.Debug|Any CPU.ActiveCfg = Debug|Any CPU
		{B9F28E1C-A61A-4CBA-A783-A0A8FD275CE7}.Debug|Any CPU.Build.0 = Debug|Any CPU
		{B9F28E1C-A61A-4CBA-A783-A0A8FD275CE7}.Release|Any CPU.ActiveCfg = Release|Any CPU
		{B9F28E1C-A61A-4CBA-A783-A0A8FD275CE7}.Release|Any CPU.Build.0 = Release|Any CPU
	EndGlobalSection
	GlobalSection(SolutionProperties) = preSolution
		HideSolutionNode = FALSE
	EndGlobalSection
	GlobalSection(ExtensibilityGlobals) = postSolution
		SolutionGuid = {35A3E966-E244-4F9A-9895-7F5EE790217F}
	EndGlobalSection
EndGlobal
